
Microsoft Visual Studio Solution File, Format Version 12.00
# Visual Studio 2012
VisualStudioVersion = 14.0.23107.0
MinimumVisualStudioVersion = 10.0.40219.1
Project("{FAE04EC0-301F-11D3-BF4B-00C04F79EFBC}") = "Sample.KxMenu.Bindings", "Sample.KxMenu.Bindings\Sample.KxMenu.Bindings.csproj", "{9F32CB62-3BB9-4D5D-BCED-021C82BB6AB9}"
EndProject
Project("{2150E333-8FDC-42A3-9474-1A3956D46DE8}") = "Libraries", "Libraries", "{B3D7A705-8142-4190-BA76-953040732D0D}"
EndProject
Project("{FAE04EC0-301F-11D3-BF4B-00C04F79EFBC}") = "KxMenu.Bindings.XamarinIOS", "..\source\KxMenu.Bindings.XamarinIOS\KxMenu.Bindings.XamarinIOS.csproj", "{30E8E09B-B1E1-4808-9518-6B15A063FB70}"
EndProject
Global
	GlobalSection(SolutionConfigurationPlatforms) = preSolution
		Debug|Any CPU = Debug|Any CPU
		Debug|iPhone = Debug|iPhone
		Debug|iPhoneSimulator = Debug|iPhoneSimulator
		Release|Any CPU = Release|Any CPU
		Release|iPhone = Release|iPhone
		Release|iPhoneSimulator = Release|iPhoneSimulator
	EndGlobalSection
	GlobalSection(ProjectConfigurationPlatforms) = postSolution
		{30E8E09B-B1E1-4808-9518-6B15A063FB70}.Debug|Any CPU.ActiveCfg = Debug|Any CPU
		{30E8E09B-B1E1-4808-9518-6B15A063FB70}.Debug|Any CPU.Build.0 = Debug|Any CPU
		{30E8E09B-B1E1-4808-9518-6B15A063FB70}.Debug|iPhone.ActiveCfg = Debug|Any CPU
		{30E8E09B-B1E1-4808-9518-6B15A063FB70}.Debug|iPhone.Build.0 = Debug|Any CPU
		{30E8E09B-B1E1-4808-9518-6B15A063FB70}.Debug|iPhoneSimulator.ActiveCfg = Debug|Any CPU
		{30E8E09B-B1E1-4808-9518-6B15A063FB70}.Debug|iPhoneSimulator.Build.0 = Debug|Any CPU
		{30E8E09B-B1E1-4808-9518-6B15A063FB70}.Release|Any CPU.ActiveCfg = Release|Any CPU
		{30E8E09B-B1E1-4808-9518-6B15A063FB70}.Release|Any CPU.Build.0 = Release|Any CPU
		{30E8E09B-B1E1-4808-9518-6B15A063FB70}.Release|iPhone.ActiveCfg = Release|Any CPU
		{30E8E09B-B1E1-4808-9518-6B15A063FB70}.Release|iPhone.Build.0 = Release|Any CPU
		{30E8E09B-B1E1-4808-9518-6B15A063FB70}.Release|iPhoneSimulator.ActiveCfg = Release|Any CPU
		{30E8E09B-B1E1-4808-9518-6B15A063FB70}.Release|iPhoneSimulator.Build.0 = Release|Any CPU
		{9F32CB62-3BB9-4D5D-BCED-021C82BB6AB9}.Debug|Any CPU.ActiveCfg = Debug|iPhoneSimulator
		{9F32CB62-3BB9-4D5D-BCED-021C82BB6AB9}.Debug|Any CPU.Build.0 = Debug|iPhoneSimulator
		{9F32CB62-3BB9-4D5D-BCED-021C82BB6AB9}.Debug|iPhone.ActiveCfg = Debug|iPhone
		{9F32CB62-3BB9-4D5D-BCED-021C82BB6AB9}.Debug|iPhone.Build.0 = Debug|iPhone
		{9F32CB62-3BB9-4D5D-BCED-021C82BB6AB9}.Debug|iPhoneSimulator.ActiveCfg = Debug|iPhoneSimulator
		{9F32CB62-3BB9-4D5D-BCED-021C82BB6AB9}.Debug|iPhoneSimulator.Build.0 = Debug|iPhoneSimulator
		{9F32CB62-3BB9-4D5D-BCED-021C82BB6AB9}.Release|Any CPU.ActiveCfg = Debug|iPhoneSimulator
		{9F32CB62-3BB9-4D5D-BCED-021C82BB6AB9}.Release|Any CPU.Build.0 = Debug|iPhoneSimulator
		{9F32CB62-3BB9-4D5D-BCED-021C82BB6AB9}.Release|iPhone.ActiveCfg = Release|iPhone
		{9F32CB62-3BB9-4D5D-BCED-021C82BB6AB9}.Release|iPhone.Build.0 = Release|iPhone
		{9F32CB62-3BB9-4D5D-BCED-021C82BB6AB9}.Release|iPhoneSimulator.ActiveCfg = Release|iPhoneSimulator
		{9F32CB62-3BB9-4D5D-BCED-021C82BB6AB9}.Release|iPhoneSimulator.Build.0 = Release|iPhoneSimulator
		{15689F79-136C-4982-BFF1-73BBF652C88B}.Debug|Any CPU.ActiveCfg = Debug|iPhoneSimulator
		{15689F79-136C-4982-BFF1-73BBF652C88B}.Debug|Any CPU.Build.0 = Debug|iPhoneSimulator
		{15689F79-136C-4982-BFF1-73BBF652C88B}.Debug|iPhone.ActiveCfg = Debug|iPhone
		{15689F79-136C-4982-BFF1-73BBF652C88B}.Debug|iPhone.Build.0 = Debug|iPhone
		{15689F79-136C-4982-BFF1-73BBF652C88B}.Debug|iPhoneSimulator.ActiveCfg = Debug|iPhoneSimulator
		{15689F79-136C-4982-BFF1-73BBF652C88B}.Debug|iPhoneSimulator.Build.0 = Debug|iPhoneSimulator
		{15689F79-136C-4982-BFF1-73BBF652C88B}.Release|Any CPU.ActiveCfg = Debug|iPhoneSimulator
		{15689F79-136C-4982-BFF1-73BBF652C88B}.Release|Any CPU.Build.0 = Debug|iPhoneSimulator
		{15689F79-136C-4982-BFF1-73BBF652C88B}.Release|iPhone.ActiveCfg = Release|iPhone
		{15689F79-136C-4982-BFF1-73BBF652C88B}.Release|iPhone.Build.0 = Release|iPhone
		{15689F79-136C-4982-BFF1-73BBF652C88B}.Release|iPhoneSimulator.ActiveCfg = Release|iPhoneSimulator
		{15689F79-136C-4982-BFF1-73BBF652C88B}.Release|iPhoneSimulator.Build.0 = Release|iPhoneSimulator
		{904D68E5-51C5-4909-88AB-458C6D947BCC}.Debug|Any CPU.ActiveCfg = Debug|iPhoneSimulator
		{904D68E5-51C5-4909-88AB-458C6D947BCC}.Debug|Any CPU.Build.0 = Debug|iPhoneSimulator
		{904D68E5-51C5-4909-88AB-458C6D947BCC}.Debug|iPhone.ActiveCfg = Debug|iPhone
		{904D68E5-51C5-4909-88AB-458C6D947BCC}.Debug|iPhone.Build.0 = Debug|iPhone
		{904D68E5-51C5-4909-88AB-458C6D947BCC}.Debug|iPhoneSimulator.ActiveCfg = Debug|iPhoneSimulator
		{904D68E5-51C5-4909-88AB-458C6D947BCC}.Debug|iPhoneSimulator.Build.0 = Debug|iPhoneSimulator
		{904D68E5-51C5-4909-88AB-458C6D947BCC}.Release|Any CPU.ActiveCfg = Debug|iPhoneSimulator
		{904D68E5-51C5-4909-88AB-458C6D947BCC}.Release|Any CPU.Build.0 = Debug|iPhoneSimulator
		{904D68E5-51C5-4909-88AB-458C6D947BCC}.Release|iPhone.ActiveCfg = Release|iPhone
		{904D68E5-51C5-4909-88AB-458C6D947BCC}.Release|iPhone.Build.0 = Release|iPhone
		{904D68E5-51C5-4909-88AB-458C6D947BCC}.Release|iPhoneSimulator.ActiveCfg = Release|iPhoneSimulator
		{904D68E5-51C5-4909-88AB-458C6D947BCC}.Release|iPhoneSimulator.Build.0 = Release|iPhoneSimulator
		{E4FC9FE9-EC28-476B-9B92-060AB7FD4B74}.Debug|Any CPU.ActiveCfg = Debug|iPhoneSimulator
		{E4FC9FE9-EC28-476B-9B92-060AB7FD4B74}.Debug|Any CPU.Build.0 = Debug|iPhoneSimulator
		{E4FC9FE9-EC28-476B-9B92-060AB7FD4B74}.Debug|iPhone.ActiveCfg = Debug|iPhone
		{E4FC9FE9-EC28-476B-9B92-060AB7FD4B74}.Debug|iPhone.Build.0 = Debug|iPhone
		{E4FC9FE9-EC28-476B-9B92-060AB7FD4B74}.Debug|iPhoneSimulator.ActiveCfg = Debug|iPhoneSimulator
		{E4FC9FE9-EC28-476B-9B92-060AB7FD4B74}.Debug|iPhoneSimulator.Build.0 = Debug|iPhoneSimulator
		{E4FC9FE9-EC28-476B-9B92-060AB7FD4B74}.Release|Any CPU.ActiveCfg = Debug|iPhoneSimulator
		{E4FC9FE9-EC28-476B-9B92-060AB7FD4B74}.Release|Any CPU.Build.0 = Debug|iPhoneSimulator
		{E4FC9FE9-EC28-476B-9B92-060AB7FD4B74}.Release|iPhone.ActiveCfg = Release|iPhone
		{E4FC9FE9-EC28-476B-9B92-060AB7FD4B74}.Release|iPhone.Build.0 = Release|iPhone
		{E4FC9FE9-EC28-476B-9B92-060AB7FD4B74}.Release|iPhoneSimulator.ActiveCfg = Release|iPhoneSimulator
		{E4FC9FE9-EC28-476B-9B92-060AB7FD4B74}.Release|iPhoneSimulator.Build.0 = Release|iPhoneSimulator
	EndGlobalSection
	GlobalSection(NestedProjects) = preSolution
		{30E8E09B-B1E1-4808-9518-6B15A063FB70} = {B3D7A705-8142-4190-BA76-953040732D0D}
	EndGlobalSection
	GlobalSection(SolutionProperties) = preSolution
		HideSolutionNode = FALSE
	EndGlobalSection
EndGlobal
